// !$*UTF8*$!
{
	archiveVersion = 1;
	classes = {
	};
	objectVersion = 46;
	objects = {

/* Begin PBXBuildFile section */
		371649231AB8781A0019694B /* AppDelegate.swift in Sources */ = {isa = PBXBuildFile; fileRef = 371649221AB8781A0019694B /* AppDelegate.swift */; };
		371649251AB8781A0019694B /* GameScene.sks in Resources */ = {isa = PBXBuildFile; fileRef = 371649241AB8781A0019694B /* GameScene.sks */; };
		371649271AB8781A0019694B /* GameScene.swift in Sources */ = {isa = PBXBuildFile; fileRef = 371649261AB8781A0019694B /* GameScene.swift */; };
		371649291AB8781A0019694B /* GameViewController.swift in Sources */ = {isa = PBXBuildFile; fileRef = 371649281AB8781A0019694B /* GameViewController.swift */; };
		3716492C1AB8781A0019694B /* Main.storyboard in Resources */ = {isa = PBXBuildFile; fileRef = 3716492A1AB8781A0019694B /* Main.storyboard */; };
		3716492E1AB8781A0019694B /* Images.xcassets in Resources */ = {isa = PBXBuildFile; fileRef = 3716492D1AB8781A0019694B /* Images.xcassets */; };
		371649311AB8781A0019694B /* LaunchScreen.xib in Resources */ = {isa = PBXBuildFile; fileRef = 3716492F1AB8781A0019694B /* LaunchScreen.xib */; };
		3716493D1AB8781A0019694B /* PenguinTests.swift in Sources */ = {isa = PBXBuildFile; fileRef = 3716493C1AB8781A0019694B /* PenguinTests.swift */; };
		371649471AB87ECB0019694B /* PlayScene.swift in Sources */ = {isa = PBXBuildFile; fileRef = 371649461AB87ECB0019694B /* PlayScene.swift */; };
/* End PBXBuildFile section */

/* Begin PBXContainerItemProxy section */
		371649371AB8781A0019694B /* PBXContainerItemProxy */ = {
			isa = PBXContainerItemProxy;
			containerPortal = 371649151AB8781A0019694B /* Project object */;
			proxyType = 1;
			remoteGlobalIDString = 3716491C1AB8781A0019694B;
			remoteInfo = Penguin;
		};
/* End PBXContainerItemProxy section */

/* Begin PBXFileReference section */
		3716491D1AB8781A0019694B /* Penguin.app */ = {isa = PBXFileReference; explicitFileType = wrapper.application; includeInIndex = 0; path = Penguin.app; sourceTree = BUILT_PRODUCTS_DIR; };
		371649211AB8781A0019694B /* Info.plist */ = {isa = PBXFileReference; lastKnownFileType = text.plist.xml; path = Info.plist; sourceTree = "<group>"; };
		371649221AB8781A0019694B /* AppDelegate.swift */ = {isa = PBXFileReference; lastKnownFileType = sourcecode.swift; path = AppDelegate.swift; sourceTree = "<group>"; };
		371649241AB8781A0019694B /* GameScene.sks */ = {isa = PBXFileReference; lastKnownFileType = file.sks; path = GameScene.sks; sourceTree = "<group>"; };
		371649261AB8781A0019694B /* GameScene.swift */ = {isa = PBXFileReference; lastKnownFileType = sourcecode.swift; path = GameScene.swift; sourceTree = "<group>"; };
		371649281AB8781A0019694B /* GameViewController.swift */ = {isa = PBXFileReference; lastKnownFileType = sourcecode.swift; path = GameViewController.swift; sourceTree = "<group>"; };
		3716492B1AB8781A0019694B /* Base */ = {isa = PBXFileReference; lastKnownFileType = file.storyboard; name = Base; path = Base.lproj/Main.storyboard; sourceTree = "<group>"; };
		3716492D1AB8781A0019694B /* Images.xcassets */ = {isa = PBXFileReference; lastKnownFileType = folder.assetcatalog; path = Images.xcassets; sourceTree = "<group>"; };
		371649301AB8781A0019694B /* Base */ = {isa = PBXFileReference; lastKnownFileType = file.xib; name = Base; path = Base.lproj/LaunchScreen.xib; sourceTree = "<group>"; };
		371649361AB8781A0019694B /* PenguinTests.xctest */ = {isa = PBXFileReference; explicitFileType = wrapper.cfbundle; includeInIndex = 0; path = PenguinTests.xctest; sourceTree = BUILT_PRODUCTS_DIR; };
		3716493B1AB8781A0019694B /* Info.plist */ = {isa = PBXFileReference; lastKnownFileType = text.plist.xml; path = Info.plist; sourceTree = "<group>"; };
		3716493C1AB8781A0019694B /* PenguinTests.swift */ = {isa = PBXFileReference; lastKnownFileType = sourcecode.swift; path = PenguinTests.swift; sourceTree = "<group>"; };
		371649461AB87ECB0019694B /* PlayScene.swift */ = {isa = PBXFileReference; fileEncoding = 4; lastKnownFileType = sourcecode.swift; path = PlayScene.swift; sourceTree = "<group>"; };
/* End PBXFileReference section */

/* Begin PBXFrameworksBuildPhase section */
		3716491A1AB8781A0019694B /* Frameworks */ = {
			isa = PBXFrameworksBuildPhase;
			buildActionMask = 2147483647;
			files = (
			);
			runOnlyForDeploymentPostprocessing = 0;
		};
		371649331AB8781A0019694B /* Frameworks */ = {
			isa = PBXFrameworksBuildPhase;
			buildActionMask = 2147483647;
			files = (
			);
			runOnlyForDeploymentPostprocessing = 0;
		};
/* End PBXFrameworksBuildPhase section */

/* Begin PBXGroup section */
		371649141AB8781A0019694B = {
			isa = PBXGroup;
			children = (
				3716491F1AB8781A0019694B /* Penguin */,
				371649391AB8781A0019694B /* PenguinTests */,
				3716491E1AB8781A0019694B /* Products */,
			);
			sourceTree = "<group>";
		};
		3716491E1AB8781A0019694B /* Products */ = {
			isa = PBXGroup;
			children = (
				3716491D1AB8781A0019694B /* Penguin.app */,
				371649361AB8781A0019694B /* PenguinTests.xctest */,
			);
			name = Products;
			sourceTree = "<group>";
		};
		3716491F1AB8781A0019694B /* Penguin */ = {
			isa = PBXGroup;
			children = (
				371649221AB8781A0019694B /* AppDelegate.swift */,
				371649241AB8781A0019694B /* GameScene.sks */,
				371649261AB8781A0019694B /* GameScene.swift */,
				371649461AB87ECB0019694B /* PlayScene.swift */,
				371649281AB8781A0019694B /* GameViewController.swift */,
				3716492A1AB8781A0019694B /* Main.storyboard */,
				3716492D1AB8781A0019694B /* Images.xcassets */,
				3716492F1AB8781A0019694B /* LaunchScreen.xib */,
				371649201AB8781A0019694B /* Supporting Files */,
			);
			path = Penguin;
			sourceTree = "<group>";
		};
		371649201AB8781A0019694B /* Supporting Files */ = {
			isa = PBXGroup;
			children = (
				371649211AB8781A0019694B /* Info.plist */,
			);
			name = "Supporting Files";
			sourceTree = "<group>";
		};
		371649391AB8781A0019694B /* PenguinTests */ = {
			isa = PBXGroup;
			children = (
				3716493C1AB8781A0019694B /* PenguinTests.swift */,
				3716493A1AB8781A0019694B /* Supporting Files */,
			);
			path = PenguinTests;
			sourceTree = "<group>";
		};
		3716493A1AB8781A0019694B /* Supporting Files */ = {
			isa = PBXGroup;
			children = (
				3716493B1AB8781A0019694B /* Info.plist */,
			);
			name = "Supporting Files";
			sourceTree = "<group>";
		};
/* End PBXGroup section */

/* Begin PBXNativeTarget section */
		3716491C1AB8781A0019694B /* Penguin */ = {
			isa = PBXNativeTarget;
			buildConfigurationList = 371649401AB8781A0019694B /* Build configuration list for PBXNativeTarget "Penguin" */;
			buildPhases = (
				371649191AB8781A0019694B /* Sources */,
				3716491A1AB8781A0019694B /* Frameworks */,
				3716491B1AB8781A0019694B /* Resources */,
			);
			buildRules = (
			);
			dependencies = (
			);
			name = Penguin;
			productName = Penguin;
			productReference = 3716491D1AB8781A0019694B /* Penguin.app */;
			productType = "com.apple.product-type.application";
		};
		371649351AB8781A0019694B /* PenguinTests */ = {
			isa = PBXNativeTarget;
			buildConfigurationList = 371649431AB8781A0019694B /* Build configuration list for PBXNativeTarget "PenguinTests" */;
			buildPhases = (
				371649321AB8781A0019694B /* Sources */,
				371649331AB8781A0019694B /* Frameworks */,
				371649341AB8781A0019694B /* Resources */,
			);
			buildRules = (
			);
			dependencies = (
				371649381AB8781A0019694B /* PBXTargetDependency */,
			);
			name = PenguinTests;
			productName = PenguinTests;
			productReference = 371649361AB8781A0019694B /* PenguinTests.xctest */;
			productType = "com.apple.product-type.bundle.unit-test";
		};
/* End PBXNativeTarget section */

/* Begin PBXProject section */
		371649151AB8781A0019694B /* Project object */ = {
			isa = PBXProject;
			attributes = {
				LastUpgradeCheck = 0620;
				ORGANIZATIONNAME = "Luke Platz";
				TargetAttributes = {
					3716491C1AB8781A0019694B = {
						CreatedOnToolsVersion = 6.2;
						DevelopmentTeam = 83E7Z4HZVD;
					};
					371649351AB8781A0019694B = {
						CreatedOnToolsVersion = 6.2;
						TestTargetID = 3716491C1AB8781A0019694B;
					};
				};
			};
			buildConfigurationList = 371649181AB8781A0019694B /* Build configuration list for PBXProject "Penguin" */;
			compatibilityVersion = "Xcode 3.2";
			developmentRegion = English;
			hasScannedForEncodings = 0;
			knownRegions = (
				en,
				Base,
			);
			mainGroup = 371649141AB8781A0019694B;
			productRefGroup = 3716491E1AB8781A0019694B /* Products */;
			projectDirPath = "";
			projectRoot = "";
			targets = (
				3716491C1AB8781A0019694B /* Penguin */,
				371649351AB8781A0019694B /* PenguinTests */,
			);
		};
/* End PBXProject section */

/* Begin PBXResourcesBuildPhase section */
		3716491B1AB8781A0019694B /* Resources */ = {
			isa = PBXResourcesBuildPhase;
			buildActionMask = 2147483647;
			files = (
				371649311AB8781A0019694B /* LaunchScreen.xib in Resources */,
				3716492E1AB8781A0019694B /* Images.xcassets in Resources */,
				371649251AB8781A0019694B /* GameScene.sks in Resources */,
				3716492C1AB8781A0019694B /* Main.storyboard in Resources */,
			);
			runOnlyForDeploymentPostprocessing = 0;
		};
		371649341AB8781A0019694B /* Resources */ = {
			isa = PBXResourcesBuildPhase;
			buildActionMask = 2147483647;
			files = (
			);
			runOnlyForDeploymentPostprocessing = 0;
		};
/* End PBXResourcesBuildPhase section */

/* Begin PBXSourcesBuildPhase section */
		371649191AB8781A0019694B /* Sources */ = {
			isa = PBXSourcesBuildPhase;
			buildActionMask = 2147483647;
			files = (
				371649271AB8781A0019694B /* GameScene.swift in Sources */,
				371649291AB8781A0019694B /* GameViewController.swift in Sources */,
				371649471AB87ECB0019694B /* PlayScene.swift in Sources */,
				371649231AB8781A0019694B /* AppDelegate.swift in Sources */,
			);
			runOnlyForDeploymentPostprocessing = 0;
		};
		371649321AB8781A0019694B /* Sources */ = {
			isa = PBXSourcesBuildPhase;
			buildActionMask = 2147483647;
			files = (
				3716493D1AB8781A0019694B /* PenguinTests.swift in Sources */,
			);
			runOnlyForDeploymentPostprocessing = 0;
		};
/* End PBXSourcesBuildPhase section */

/* Begin PBXTargetDependency section */
		371649381AB8781A0019694B /* PBXTargetDependency */ = {
			isa = PBXTargetDependency;
			target = 3716491C1AB8781A0019694B /* Penguin */;
			targetProxy = 371649371AB8781A0019694B /* PBXContainerItemProxy */;
		};
/* End PBXTargetDependency section */

/* Begin PBXVariantGroup section */
		3716492A1AB8781A0019694B /* Main.storyboard */ = {
			isa = PBXVariantGroup;
			children = (
				3716492B1AB8781A0019694B /* Base */,
			);
			name = Main.storyboard;
			sourceTree = "<group>";
		};
		3716492F1AB8781A0019694B /* LaunchScreen.xib */ = {
			isa = PBXVariantGroup;
			children = (
				371649301AB8781A0019694B /* Base */,
			);
			name = LaunchScreen.xib;
			sourceTree = "<group>";
		};
/* End PBXVariantGroup section */

/* Begin XCBuildConfiguration section */
		3716493E1AB8781A0019694B /* Debug */ = {
			isa = XCBuildConfiguration;
			buildSettings = {
				ALWAYS_SEARCH_USER_PATHS = NO;
				CLANG_CXX_LANGUAGE_STANDARD = "gnu++0x";
				CLANG_CXX_LIBRARY = "libc++";
				CLANG_ENABLE_MODULES = YES;
				CLANG_ENABLE_OBJC_ARC = YES;
				CLANG_WARN_BOOL_CONVERSION = YES;
				CLANG_WARN_CONSTANT_CONVERSION = YES;
				CLANG_WARN_DIRECT_OBJC_ISA_USAGE = YES_ERROR;
				CLANG_WARN_EMPTY_BODY = YES;
				CLANG_WARN_ENUM_CONVERSION = YES;
				CLANG_WARN_INT_CONVERSION = YES;
				CLANG_WARN_OBJC_ROOT_CLASS = YES_ERROR;
				CLANG_WARN_UNREACHABLE_CODE = YES;
				CLANG_WARN__DUPLICATE_METHOD_MATCH = YES;
				"CODE_SIGN_IDENTITY[sdk=iphoneos*]" = "iPhone Developer";
				COPY_PHASE_STRIP = NO;
				ENABLE_STRICT_OBJC_MSGSEND = YES;
				GCC_C_LANGUAGE_STANDARD = gnu99;
				GCC_DYNAMIC_NO_PIC = NO;
				GCC_OPTIMIZATION_LEVEL = 0;
				GCC_PREPROCESSOR_DEFINITIONS = (
					"DEBUG=1",
					"$(inherited)",
				);
				GCC_SYMBOLS_PRIVATE_EXTERN = NO;
				GCC_WARN_64_TO_32_BIT_CONVERSION = YES;
				GCC_WARN_ABOUT_RETURN_TYPE = YES_ERROR;
				GCC_WARN_UNDECLARED_SELECTOR = YES;
				GCC_WARN_UNINITIALIZED_AUTOS = YES_AGGRESSIVE;
				GCC_WARN_UNUSED_FUNCTION = YES;
				GCC_WARN_UNUSED_VARIABLE = YES;
				IPHONEOS_DEPLOYMENT_TARGET = 8.2;
				MTL_ENABLE_DEBUG_INFO = YES;
				ONLY_ACTIVE_ARCH = YES;
				SDKROOT = iphoneos;
				SWIFT_OPTIMIZATION_LEVEL = "-Onone";
			};
			name = Debug;
		};
		3716493F1AB8781A0019694B /* Release */ = {
			isa = XCBuildConfiguration;
			buildSettings = {
				ALWAYS_SEARCH_USER_PATHS = NO;
				CLANG_CXX_LANGUAGE_STANDARD = "gnu++0x";
				CLANG_CXX_LIBRARY = "libc++";
				CLANG_ENABLE_MODULES = YES;
				CLANG_ENABLE_OBJC_ARC = YES;
				CLANG_WARN_BOOL_CONVERSION = YES;
				CLANG_WARN_CONSTANT_CONVERSION = YES;
				CLANG_WARN_DIRECT_OBJC_ISA_USAGE = YES_ERROR;
				CLANG_WARN_EMPTY_BODY = YES;
				CLANG_WARN_ENUM_CONVERSION = YES;
				CLANG_WARN_INT_CONVERSION = YES;
				CLANG_WARN_OBJC_ROOT_CLASS = YES_ERROR;
				CLANG_WARN_UNREACHABLE_CODE = YES;
				CLANG_WARN__DUPLICATE_METHOD_MATCH = YES;
				"CODE_SIGN_IDENTITY[sdk=iphoneos*]" = "iPhone Developer";
				COPY_PHASE_STRIP = NO;
				ENABLE_NS_ASSERTIONS = NO;
				ENABLE_STRICT_OBJC_MSGSEND = YES;
				GCC_C_LANGUAGE_STANDARD = gnu99;
				GCC_WARN_64_TO_32_BIT_CONVERSION = YES;
				GCC_WARN_ABOUT_RETURN_TYPE = YES_ERROR;
				GCC_WARN_UNDECLARED_SELECTOR = YES;
				GCC_WARN_UNINITIALIZED_AUTOS = YES_AGGRESSIVE;
				GCC_WARN_UNUSED_FUNCTION = YES;
				GCC_WARN_UNUSED_VARIABLE = YES;
				IPHONEOS_DEPLOYMENT_TARGET = 8.2;
				MTL_ENABLE_DEBUG_INFO = NO;
				SDKROOT = iphoneos;
				VALIDATE_PRODUCT = YES;
			};
			name = Release;
		};
		371649411AB8781A0019694B /* Debug */ = {
			isa = XCBuildConfiguration;
			buildSettings = {
				ASSETCATALOG_COMPILER_APPICON_NAME = AppIcon;
				CODE_SIGN_IDENTITY = "iPhone Developer";
				"CODE_SIGN_IDENTITY[sdk=iphoneos*]" = "iPhone Developer";
				INFOPLIST_FILE = Penguin/Info.plist;
				IPHONEOS_DEPLOYMENT_TARGET = 8.2;
				LD_RUNPATH_SEARCH_PATHS = "$(inherited) @executable_path/Frameworks";
				PRODUCT_NAME = "$(TARGET_NAME)";
				PROVISIONING_PROFILE = "";
				TARGETED_DEVICE_FAMILY = 1;
			};
			name = Debug;
		};
		371649421AB8781A0019694B /* Release */ = {
			isa = XCBuildConfiguration;
			buildSettings = {
				ASSETCATALOG_COMPILER_APPICON_NAME = AppIcon;
				CODE_SIGN_IDENTITY = "iPhone Developer";
				"CODE_SIGN_IDENTITY[sdk=iphoneos*]" = "iPhone Developer";
				INFOPLIST_FILE = Penguin/Info.plist;
				IPHONEOS_DEPLOYMENT_TARGET = 8.2;
				LD_RUNPATH_SEARCH_PATHS = "$(inherited) @executable_path/Frameworks";
				PRODUCT_NAME = "$(TARGET_NAME)";
				PROVISIONING_PROFILE = "";
				TARGETED_DEVICE_FAMILY = 1;
			};
			name = Release;
		};
		371649441AB8781A0019694B /* Debug */ = {
			isa = XCBuildConfiguration;
			buildSettings = {
				BUNDLE_LOADER = "$(TEST_HOST)";
				FRAMEWORK_SEARCH_PATHS = (
					"$(SDKROOT)/Developer/Library/Frameworks",
					"$(inherited)",
				);
				GCC_PREPROCESSOR_DEFINITIONS = (
					"DEBUG=1",
					"$(inherited)",
				);
				INFOPLIST_FILE = PenguinTests/Info.plist;
				LD_RUNPATH_SEARCH_PATHS = "$(inherited) @executable_path/Frameworks @loader_path/Frameworks";
				PRODUCT_NAME = "$(TARGET_NAME)";
				TEST_HOST = "$(BUILT_PRODUCTS_DIR)/Penguin.app/Penguin";
			};
			name = Debug;
		};
		371649451AB8781A0019694B /* Release */ = {
			isa = XCBuildConfiguration;
			buildSettings = {
				BUNDLE_LOADER = "$(TEST_HOST)";
				FRAMEWORK_SEARCH_PATHS = (
					"$(SDKROOT)/Developer/Library/Frameworks",
					"$(inherited)",
				);
				INFOPLIST_FILE = PenguinTests/Info.plist;
				LD_RUNPATH_SEARCH_PATHS = "$(inherited) @executable_path/Frameworks @loader_path/Frameworks";
				PRODUCT_NAME = "$(TARGET_NAME)";
				TEST_HOST = "$(BUILT_PRODUCTS_DIR)/Penguin.app/Penguin";
			};
			name = Release;
		};
/* End XCBuildConfiguration section */

/* Begin XCConfigurationList section */
		371649181AB8781A0019694B /* Build configuration list for PBXProject "Penguin" */ = {
			isa = XCConfigurationList;
			buildConfigurations = (
				3716493E1AB8781A0019694B /* Debug */,
				3716493F1AB8781A0019694B /* Release */,
			);
			defaultConfigurationIsVisible = 0;
			defaultConfigurationName = Release;
		};
		371649401AB8781A0019694B /* Build configuration list for PBXNativeTarget "Penguin" */ = {
			isa = XCConfigurationList;
			buildConfigurations = (
				371649411AB8781A0019694B /* Debug */,
				371649421AB8781A0019694B /* Release */,
			);
			defaultConfigurationIsVisible = 0;
			defaultConfigurationName = Release;
		};
		371649431AB8781A0019694B /* Build configuration list for PBXNativeTarget "PenguinTests" */ = {
			isa = XCConfigurationList;
			buildConfigurations = (
				371649441AB8781A0019694B /* Debug */,
				371649451AB8781A0019694B /* Release */,
			);
			defaultConfigurationIsVisible = 0;
			defaultConfigurationName = Release;
		};
/* End XCConfigurationList section */
	};
	rootObject = 371649151AB8781A0019694B /* Project object */;
}
